
Microsoft Visual Studio Solution File, Format Version 12.00
# Visual Studio Version 16
VisualStudioVersion = 16.0.33328.57
MinimumVisualStudioVersion = 10.0.40219.1
Project("{FAE04EC0-301F-11D3-BF4B-00C04F79EFBC}") = "WindowsFormsApp14", "WindowsFormsApp14\WindowsFormsApp14.csproj", "{E2E09F56-95F4-47D0-B6A6-87230D710AEB}"
EndProject
Global
	GlobalSection(SolutionConfigurationPlatforms) = preSolution
		Debug|Any CPU = Debug|Any CPU
		Release|Any CPU = Release|Any CPU
	EndGlobalSection
	GlobalSection(ProjectConfigurationPlatforms) = postSolution
		{E2E09F56-95F4-47D0-B6A6-87230D710AEB}.Debug|Any CPU.ActiveCfg = Debug|Any CPU
		{E2E09F56-95F4-47D0-B6A6-87230D710AEB}.Debug|Any CPU.Build.0 = Debug|Any CPU
		{E2E09F56-95F4-47D0-B6A6-87230D710AEB}.Release|Any CPU.ActiveCfg = Release|Any CPU
		{E2E09F56-95F4-47D0-B6A6-87230D710AEB}.Release|Any CPU.Build.0 = Release|Any CPU
	EndGlobalSection
	GlobalSection(SolutionProperties) = preSolution
		HideSolutionNode = FALSE
	EndGlobalSection
	GlobalSection(ExtensibilityGlobals) = postSolution
		SolutionGuid = {B68AAAA9-7340-4EB9-93C0-D4540420540C}
	EndGlobalSection
EndGlobal
